---
lockVersion: 1.0.0
dependencies:
  codeql/cpp-all:
    version: 5.3.0
  codeql/dataflow:
    version: 2.0.11
  codeql/mad:
    version: 1.0.27
  codeql/quantum:
    version: 0.0.5
  codeql/rangeanalysis:
    version: 1.0.27
  codeql/ssa:
    version: 2.0.3
  codeql/tutorial:
    version: 1.0.27
  codeql/typeflow:
    version: 1.0.27
  codeql/typetracking:
    version: 2.0.11
  codeql/util:
    version: 2.0.14
  codeql/xml:
    version: 1.0.27
compiled: false
